
Microsoft Visual Studio Solution File, Format Version 12.00
# Visual Studio 15
Project("{FAE04EC0-301F-11D3-BF4B-00C04F79EFBC}") = "Unity2DActionExample", "Unity2DActionExample.csproj", "{EE370393-63F4-019B-20BD-14962A253AE3}"
EndProject
Global
	GlobalSection(SolutionConfigurationPlatforms) = preSolution
		Debug|Any CPU = Debug|Any CPU
		Release|Any CPU = Release|Any CPU
	EndGlobalSection
	GlobalSection(ProjectConfigurationPlatforms) = postSolution
		{EE370393-63F4-019B-20BD-14962A253AE3}.Debug|Any CPU.ActiveCfg = Debug|Any CPU
		{EE370393-63F4-019B-20BD-14962A253AE3}.Debug|Any CPU.Build.0 = Debug|Any CPU
		{EE370393-63F4-019B-20BD-14962A253AE3}.Release|Any CPU.ActiveCfg = Release|Any CPU
		{EE370393-63F4-019B-20BD-14962A253AE3}.Release|Any CPU.Build.0 = Release|Any CPU
	EndGlobalSection
	GlobalSection(SolutionProperties) = preSolution
		HideSolutionNode = FALSE
	EndGlobalSection
EndGlobal
